
Microsoft Visual Studio Solution File, Format Version 12.00
# Visual Studio Version 16
VisualStudioVersion = 16.0.31313.79
MinimumVisualStudioVersion = 10.0.40219.1
Project("{FAE04EC0-301F-11D3-BF4B-00C04F79EFBC}") = "dotnet-echo", "dotnet-echo.csproj", "{296FE079-1D19-4D0C-B8CA-D5458D4DE674}"
EndProject
Global
	GlobalSection(SolutionConfigurationPlatforms) = preSolution
		Debug|Any CPU = Debug|Any CPU
		Release|Any CPU = Release|Any CPU
	EndGlobalSection
	GlobalSection(ProjectConfigurationPlatforms) = postSolution
		{296FE079-1D19-4D0C-B8CA-D5458D4DE674}.Debug|Any CPU.ActiveCfg = Debug|Any CPU
		{296FE079-1D19-4D0C-B8CA-D5458D4DE674}.Debug|Any CPU.Build.0 = Debug|Any CPU
		{296FE079-1D19-4D0C-B8CA-D5458D4DE674}.Release|Any CPU.ActiveCfg = Release|Any CPU
		{296FE079-1D19-4D0C-B8CA-D5458D4DE674}.Release|Any CPU.Build.0 = Release|Any CPU
	EndGlobalSection
	GlobalSection(SolutionProperties) = preSolution
		HideSolutionNode = FALSE
	EndGlobalSection
	GlobalSection(ExtensibilityGlobals) = postSolution
		SolutionGuid = {891FA918-2F82-42F0-87F9-7498634AAD79}
	EndGlobalSection
EndGlobal
